
Microsoft Visual Studio Solution File, Format Version 12.00
# Visual Studio Version 17
VisualStudioVersion = 17.4.33403.182
MinimumVisualStudioVersion = 10.0.40219.1
Project("{2150E333-8FDC-42A3-9474-1A3956D46DE8}") = "Services", "Services", "{BA971C81-4771-4B49-B8BF-F5CD80ACE83A}"
EndProject
Project("{2150E333-8FDC-42A3-9474-1A3956D46DE8}") = "Catalog", "Catalog", "{7184A8EA-FDC4-4D37-A3F8-322EBDF28473}"
EndProject
Project("{9A19103F-16F7-4668-BE54-9A1E7A4F7556}") = "Catalog.API", "Services\Catalog\Catalog.API\Catalog.API.csproj", "{A1B9EFD0-70C1-49EE-8B17-92A1140A3E71}"
EndProject
Project("{E53339B2-1760-4266-BCC7-CA923CBCF16C}") = "docker-compose", "docker-compose.dcproj", "{B31DA88C-2D72-4DE0-9677-CA0CEA123724}"
EndProject
Project("{2150E333-8FDC-42A3-9474-1A3956D46DE8}") = "Basket", "Basket", "{F2C76B44-2D30-4C33-B24F-E064C4271A96}"
EndProject
Project("{FAE04EC0-301F-11D3-BF4B-00C04F79EFBC}") = "Basket.API", "Services\Basket\Basket.API\Basket.API.csproj", "{3C1C319B-3C31-4F92-A540-70D4FACA7A61}"
EndProject
Global
	GlobalSection(SolutionConfigurationPlatforms) = preSolution
		Debug|Any CPU = Debug|Any CPU
		Release|Any CPU = Release|Any CPU
	EndGlobalSection
	GlobalSection(ProjectConfigurationPlatforms) = postSolution
		{A1B9EFD0-70C1-49EE-8B17-92A1140A3E71}.Debug|Any CPU.ActiveCfg = Debug|Any CPU
		{A1B9EFD0-70C1-49EE-8B17-92A1140A3E71}.Debug|Any CPU.Build.0 = Debug|Any CPU
		{A1B9EFD0-70C1-49EE-8B17-92A1140A3E71}.Release|Any CPU.ActiveCfg = Release|Any CPU
		{A1B9EFD0-70C1-49EE-8B17-92A1140A3E71}.Release|Any CPU.Build.0 = Release|Any CPU
		{B31DA88C-2D72-4DE0-9677-CA0CEA123724}.Debug|Any CPU.ActiveCfg = Debug|Any CPU
		{B31DA88C-2D72-4DE0-9677-CA0CEA123724}.Debug|Any CPU.Build.0 = Debug|Any CPU
		{B31DA88C-2D72-4DE0-9677-CA0CEA123724}.Release|Any CPU.ActiveCfg = Release|Any CPU
		{B31DA88C-2D72-4DE0-9677-CA0CEA123724}.Release|Any CPU.Build.0 = Release|Any CPU
		{3C1C319B-3C31-4F92-A540-70D4FACA7A61}.Debug|Any CPU.ActiveCfg = Debug|Any CPU
		{3C1C319B-3C31-4F92-A540-70D4FACA7A61}.Debug|Any CPU.Build.0 = Debug|Any CPU
		{3C1C319B-3C31-4F92-A540-70D4FACA7A61}.Release|Any CPU.ActiveCfg = Release|Any CPU
		{3C1C319B-3C31-4F92-A540-70D4FACA7A61}.Release|Any CPU.Build.0 = Release|Any CPU
	EndGlobalSection
	GlobalSection(SolutionProperties) = preSolution
		HideSolutionNode = FALSE
	EndGlobalSection
	GlobalSection(NestedProjects) = preSolution
		{7184A8EA-FDC4-4D37-A3F8-322EBDF28473} = {BA971C81-4771-4B49-B8BF-F5CD80ACE83A}
		{A1B9EFD0-70C1-49EE-8B17-92A1140A3E71} = {7184A8EA-FDC4-4D37-A3F8-322EBDF28473}
		{F2C76B44-2D30-4C33-B24F-E064C4271A96} = {BA971C81-4771-4B49-B8BF-F5CD80ACE83A}
		{3C1C319B-3C31-4F92-A540-70D4FACA7A61} = {F2C76B44-2D30-4C33-B24F-E064C4271A96}
	EndGlobalSection
	GlobalSection(ExtensibilityGlobals) = postSolution
		SolutionGuid = {19563E2F-9E2C-4017-8F09-5214EDF0DC90}
	EndGlobalSection
EndGlobal
